
Microsoft Visual Studio Solution File, Format Version 12.00
# Visual Studio Version 17
VisualStudioVersion = 17.3.32929.385
MinimumVisualStudioVersion = 10.0.40219.1
Project("{9A19103F-16F7-4668-BE54-9A1E7A4F7556}") = "InnoGotchi.API", "InnoGotchi.API\InnoGotchi.API.csproj", "{3EB484CD-E906-4EEA-991E-9C77C2F22E61}"
EndProject
Project("{9A19103F-16F7-4668-BE54-9A1E7A4F7556}") = "InnoGotchi.API.LoggerService", "InnoGotchi.API.LoggerService\InnoGotchi.API.LoggerService.csproj", "{0F60500C-5CBE-454D-A8A5-6610457928D3}"
EndProject
Project("{9A19103F-16F7-4668-BE54-9A1E7A4F7556}") = "InnoGotchi.API.Contracts", "InnoGotchi.API.Contracts\InnoGotchi.API.Contracts.csproj", "{FA03957D-F6D1-4871-9AC5-E9EFF8C6B7F5}"
EndProject
Project("{FAE04EC0-301F-11D3-BF4B-00C04F79EFBC}") = "InnoGotchi.API.Entities", "InnoGotchi.API.Entities\InnoGotchi.API.Entities.csproj", "{252CE0B2-6953-4E6C-A819-1EDD493E1AB1}"
EndProject
Global
	GlobalSection(SolutionConfigurationPlatforms) = preSolution
		Debug|Any CPU = Debug|Any CPU
		Release|Any CPU = Release|Any CPU
	EndGlobalSection
	GlobalSection(ProjectConfigurationPlatforms) = postSolution
		{3EB484CD-E906-4EEA-991E-9C77C2F22E61}.Debug|Any CPU.ActiveCfg = Debug|Any CPU
		{3EB484CD-E906-4EEA-991E-9C77C2F22E61}.Debug|Any CPU.Build.0 = Debug|Any CPU
		{3EB484CD-E906-4EEA-991E-9C77C2F22E61}.Release|Any CPU.ActiveCfg = Release|Any CPU
		{3EB484CD-E906-4EEA-991E-9C77C2F22E61}.Release|Any CPU.Build.0 = Release|Any CPU
		{0F60500C-5CBE-454D-A8A5-6610457928D3}.Debug|Any CPU.ActiveCfg = Debug|Any CPU
		{0F60500C-5CBE-454D-A8A5-6610457928D3}.Debug|Any CPU.Build.0 = Debug|Any CPU
		{0F60500C-5CBE-454D-A8A5-6610457928D3}.Release|Any CPU.ActiveCfg = Release|Any CPU
		{0F60500C-5CBE-454D-A8A5-6610457928D3}.Release|Any CPU.Build.0 = Release|Any CPU
		{FA03957D-F6D1-4871-9AC5-E9EFF8C6B7F5}.Debug|Any CPU.ActiveCfg = Debug|Any CPU
		{FA03957D-F6D1-4871-9AC5-E9EFF8C6B7F5}.Debug|Any CPU.Build.0 = Debug|Any CPU
		{FA03957D-F6D1-4871-9AC5-E9EFF8C6B7F5}.Release|Any CPU.ActiveCfg = Release|Any CPU
		{FA03957D-F6D1-4871-9AC5-E9EFF8C6B7F5}.Release|Any CPU.Build.0 = Release|Any CPU
		{252CE0B2-6953-4E6C-A819-1EDD493E1AB1}.Debug|Any CPU.ActiveCfg = Debug|Any CPU
		{252CE0B2-6953-4E6C-A819-1EDD493E1AB1}.Debug|Any CPU.Build.0 = Debug|Any CPU
		{252CE0B2-6953-4E6C-A819-1EDD493E1AB1}.Release|Any CPU.ActiveCfg = Release|Any CPU
		{252CE0B2-6953-4E6C-A819-1EDD493E1AB1}.Release|Any CPU.Build.0 = Release|Any CPU
	EndGlobalSection
	GlobalSection(SolutionProperties) = preSolution
		HideSolutionNode = FALSE
	EndGlobalSection
	GlobalSection(ExtensibilityGlobals) = postSolution
		SolutionGuid = {DD0F32BB-A045-4AD0-BC43-1A3341F0D0A2}
	EndGlobalSection
EndGlobal
